
Microsoft Visual Studio Solution File, Format Version 12.00
Project("{FAE04EC0-301F-11D3-BF4B-00C04F79EFBC}") = "LiquidGlassAvaloniaUI", "LiquidGlassAvaloniaUI\LiquidGlassAvaloniaUI.csproj", "{40CA52C8-5B8F-42D0-A980-8E8A686BD0C4}"
EndProject
Project("{FAE04EC0-301F-11D3-BF4B-00C04F79EFBC}") = "LiquidGlassAvaloniaUI.Demo", "LiquidGlassAvaloniaUI.Demo\LiquidGlassAvaloniaUI.Demo.csproj", "{E73ABFB5-A255-4632-81F6-5AF65AE33744}"
EndProject
Global
	GlobalSection(SolutionConfigurationPlatforms) = preSolution
		Debug|Any CPU = Debug|Any CPU
		Release|Any CPU = Release|Any CPU
	EndGlobalSection
	GlobalSection(ProjectConfigurationPlatforms) = postSolution
		{40CA52C8-5B8F-42D0-A980-8E8A686BD0C4}.Debug|Any CPU.ActiveCfg = Debug|Any CPU
		{40CA52C8-5B8F-42D0-A980-8E8A686BD0C4}.Debug|Any CPU.Build.0 = Debug|Any CPU
		{40CA52C8-5B8F-42D0-A980-8E8A686BD0C4}.Release|Any CPU.ActiveCfg = Release|Any CPU
		{40CA52C8-5B8F-42D0-A980-8E8A686BD0C4}.Release|Any CPU.Build.0 = Release|Any CPU
		{E73ABFB5-A255-4632-81F6-5AF65AE33744}.Debug|Any CPU.ActiveCfg = Debug|Any CPU
		{E73ABFB5-A255-4632-81F6-5AF65AE33744}.Debug|Any CPU.Build.0 = Debug|Any CPU
		{E73ABFB5-A255-4632-81F6-5AF65AE33744}.Release|Any CPU.ActiveCfg = Release|Any CPU
		{E73ABFB5-A255-4632-81F6-5AF65AE33744}.Release|Any CPU.Build.0 = Release|Any CPU
	EndGlobalSection
EndGlobal
