
Microsoft Visual Studio Solution File, Format Version 12.00
Project("{FAE04EC0-301F-11D3-BF4B-00C04F79EFBC}") = "LiquidGlassAvaloniaUI", "LiquidGlassAvaloniaUI\LiquidGlassAvaloniaUI.csproj", "{40CA52C8-5B8F-42D0-A980-8E8A686BD0C4}"
EndProject
Project("{FAE04EC0-301F-11D3-BF4B-00C04F79EFBC}") = "LiquidGlassAvaloniaUI.Demo", "LiquidGlassAvaloniaUI.Demo\LiquidGlassAvaloniaUI.Demo.csproj", "{E73ABFB5-A255-4632-81F6-5AF65AE33744}"
EndProject
Project("{FAE04EC0-301F-11D3-BF4B-00C04F79EFBC}") = "LiquidGlassAvaloniaUI.Tests", "LiquidGlassAvaloniaUI.Tests\LiquidGlassAvaloniaUI.Tests.csproj", "{B81FE68A-38D4-4B5C-AF63-6E2A2D3E9ED2}"
EndProject
Project("{FAE04EC0-301F-11D3-BF4B-00C04F79EFBC}") = "LiquidGlassAvaloniaUI.Demo.Browser", "LiquidGlassAvaloniaUI.Demo.Browser\LiquidGlassAvaloniaUI.Demo.Browser.csproj", "{5044A7E5-E12C-40ED-92E9-9CD425D7224C}"
EndProject
Project("{FAE04EC0-301F-11D3-BF4B-00C04F79EFBC}") = "LiquidGlassAvaloniaUI.Demo.Desktop", "LiquidGlassAvaloniaUI.Demo.Desktop\LiquidGlassAvaloniaUI.Demo.Desktop.csproj", "{989A5F73-6FC1-4B23-89BD-B69DD813FBDA}"
EndProject
Global
	GlobalSection(SolutionConfigurationPlatforms) = preSolution
		Debug|Any CPU = Debug|Any CPU
		Debug|x64 = Debug|x64
		Debug|x86 = Debug|x86
		Release|Any CPU = Release|Any CPU
		Release|x64 = Release|x64
		Release|x86 = Release|x86
	EndGlobalSection
	GlobalSection(ProjectConfigurationPlatforms) = postSolution
		{40CA52C8-5B8F-42D0-A980-8E8A686BD0C4}.Debug|Any CPU.ActiveCfg = Debug|Any CPU
		{40CA52C8-5B8F-42D0-A980-8E8A686BD0C4}.Debug|Any CPU.Build.0 = Debug|Any CPU
		{40CA52C8-5B8F-42D0-A980-8E8A686BD0C4}.Debug|x64.ActiveCfg = Debug|Any CPU
		{40CA52C8-5B8F-42D0-A980-8E8A686BD0C4}.Debug|x64.Build.0 = Debug|Any CPU
		{40CA52C8-5B8F-42D0-A980-8E8A686BD0C4}.Debug|x86.ActiveCfg = Debug|Any CPU
		{40CA52C8-5B8F-42D0-A980-8E8A686BD0C4}.Debug|x86.Build.0 = Debug|Any CPU
		{40CA52C8-5B8F-42D0-A980-8E8A686BD0C4}.Release|Any CPU.ActiveCfg = Release|Any CPU
		{40CA52C8-5B8F-42D0-A980-8E8A686BD0C4}.Release|Any CPU.Build.0 = Release|Any CPU
		{40CA52C8-5B8F-42D0-A980-8E8A686BD0C4}.Release|x64.ActiveCfg = Release|Any CPU
		{40CA52C8-5B8F-42D0-A980-8E8A686BD0C4}.Release|x64.Build.0 = Release|Any CPU
		{40CA52C8-5B8F-42D0-A980-8E8A686BD0C4}.Release|x86.ActiveCfg = Release|Any CPU
		{40CA52C8-5B8F-42D0-A980-8E8A686BD0C4}.Release|x86.Build.0 = Release|Any CPU
		{E73ABFB5-A255-4632-81F6-5AF65AE33744}.Debug|Any CPU.ActiveCfg = Debug|Any CPU
		{E73ABFB5-A255-4632-81F6-5AF65AE33744}.Debug|Any CPU.Build.0 = Debug|Any CPU
		{E73ABFB5-A255-4632-81F6-5AF65AE33744}.Debug|x64.ActiveCfg = Debug|Any CPU
		{E73ABFB5-A255-4632-81F6-5AF65AE33744}.Debug|x64.Build.0 = Debug|Any CPU
		{E73ABFB5-A255-4632-81F6-5AF65AE33744}.Debug|x86.ActiveCfg = Debug|Any CPU
		{E73ABFB5-A255-4632-81F6-5AF65AE33744}.Debug|x86.Build.0 = Debug|Any CPU
		{E73ABFB5-A255-4632-81F6-5AF65AE33744}.Release|Any CPU.ActiveCfg = Release|Any CPU
		{E73ABFB5-A255-4632-81F6-5AF65AE33744}.Release|Any CPU.Build.0 = Release|Any CPU
		{E73ABFB5-A255-4632-81F6-5AF65AE33744}.Release|x64.ActiveCfg = Release|Any CPU
		{E73ABFB5-A255-4632-81F6-5AF65AE33744}.Release|x64.Build.0 = Release|Any CPU
		{E73ABFB5-A255-4632-81F6-5AF65AE33744}.Release|x86.ActiveCfg = Release|Any CPU
		{E73ABFB5-A255-4632-81F6-5AF65AE33744}.Release|x86.Build.0 = Release|Any CPU
		{B81FE68A-38D4-4B5C-AF63-6E2A2D3E9ED2}.Debug|Any CPU.ActiveCfg = Debug|Any CPU
		{B81FE68A-38D4-4B5C-AF63-6E2A2D3E9ED2}.Debug|Any CPU.Build.0 = Debug|Any CPU
		{B81FE68A-38D4-4B5C-AF63-6E2A2D3E9ED2}.Debug|x64.ActiveCfg = Debug|Any CPU
		{B81FE68A-38D4-4B5C-AF63-6E2A2D3E9ED2}.Debug|x64.Build.0 = Debug|Any CPU
		{B81FE68A-38D4-4B5C-AF63-6E2A2D3E9ED2}.Debug|x86.ActiveCfg = Debug|Any CPU
		{B81FE68A-38D4-4B5C-AF63-6E2A2D3E9ED2}.Debug|x86.Build.0 = Debug|Any CPU
		{B81FE68A-38D4-4B5C-AF63-6E2A2D3E9ED2}.Release|Any CPU.ActiveCfg = Release|Any CPU
		{B81FE68A-38D4-4B5C-AF63-6E2A2D3E9ED2}.Release|Any CPU.Build.0 = Release|Any CPU
		{B81FE68A-38D4-4B5C-AF63-6E2A2D3E9ED2}.Release|x64.ActiveCfg = Release|Any CPU
		{B81FE68A-38D4-4B5C-AF63-6E2A2D3E9ED2}.Release|x64.Build.0 = Release|Any CPU
		{B81FE68A-38D4-4B5C-AF63-6E2A2D3E9ED2}.Release|x86.ActiveCfg = Release|Any CPU
		{B81FE68A-38D4-4B5C-AF63-6E2A2D3E9ED2}.Release|x86.Build.0 = Release|Any CPU
		{5044A7E5-E12C-40ED-92E9-9CD425D7224C}.Debug|Any CPU.ActiveCfg = Debug|Any CPU
		{5044A7E5-E12C-40ED-92E9-9CD425D7224C}.Debug|Any CPU.Build.0 = Debug|Any CPU
		{5044A7E5-E12C-40ED-92E9-9CD425D7224C}.Debug|x64.ActiveCfg = Debug|Any CPU
		{5044A7E5-E12C-40ED-92E9-9CD425D7224C}.Debug|x64.Build.0 = Debug|Any CPU
		{5044A7E5-E12C-40ED-92E9-9CD425D7224C}.Debug|x86.ActiveCfg = Debug|Any CPU
		{5044A7E5-E12C-40ED-92E9-9CD425D7224C}.Debug|x86.Build.0 = Debug|Any CPU
		{5044A7E5-E12C-40ED-92E9-9CD425D7224C}.Release|Any CPU.ActiveCfg = Release|Any CPU
		{5044A7E5-E12C-40ED-92E9-9CD425D7224C}.Release|Any CPU.Build.0 = Release|Any CPU
		{5044A7E5-E12C-40ED-92E9-9CD425D7224C}.Release|x64.ActiveCfg = Release|Any CPU
		{5044A7E5-E12C-40ED-92E9-9CD425D7224C}.Release|x64.Build.0 = Release|Any CPU
		{5044A7E5-E12C-40ED-92E9-9CD425D7224C}.Release|x86.ActiveCfg = Release|Any CPU
		{5044A7E5-E12C-40ED-92E9-9CD425D7224C}.Release|x86.Build.0 = Release|Any CPU
		{989A5F73-6FC1-4B23-89BD-B69DD813FBDA}.Debug|Any CPU.ActiveCfg = Debug|Any CPU
		{989A5F73-6FC1-4B23-89BD-B69DD813FBDA}.Debug|Any CPU.Build.0 = Debug|Any CPU
		{989A5F73-6FC1-4B23-89BD-B69DD813FBDA}.Debug|x64.ActiveCfg = Debug|Any CPU
		{989A5F73-6FC1-4B23-89BD-B69DD813FBDA}.Debug|x64.Build.0 = Debug|Any CPU
		{989A5F73-6FC1-4B23-89BD-B69DD813FBDA}.Debug|x86.ActiveCfg = Debug|Any CPU
		{989A5F73-6FC1-4B23-89BD-B69DD813FBDA}.Debug|x86.Build.0 = Debug|Any CPU
		{989A5F73-6FC1-4B23-89BD-B69DD813FBDA}.Release|Any CPU.ActiveCfg = Release|Any CPU
		{989A5F73-6FC1-4B23-89BD-B69DD813FBDA}.Release|Any CPU.Build.0 = Release|Any CPU
		{989A5F73-6FC1-4B23-89BD-B69DD813FBDA}.Release|x64.ActiveCfg = Release|Any CPU
		{989A5F73-6FC1-4B23-89BD-B69DD813FBDA}.Release|x64.Build.0 = Release|Any CPU
		{989A5F73-6FC1-4B23-89BD-B69DD813FBDA}.Release|x86.ActiveCfg = Release|Any CPU
		{989A5F73-6FC1-4B23-89BD-B69DD813FBDA}.Release|x86.Build.0 = Release|Any CPU
	EndGlobalSection
	GlobalSection(SolutionProperties) = preSolution
		HideSolutionNode = FALSE
	EndGlobalSection
EndGlobal
